
Microsoft Visual Studio Solution File, Format Version 12.00
# Visual Studio Version 17
VisualStudioVersion = 17.5.33424.131
MinimumVisualStudioVersion = 10.0.40219.1
Project("{FAE04EC0-301F-11D3-BF4B-00C04F79EFBC}") = "Esport", "Esport\Esport.csproj", "{33E3A7D4-9CFD-4830-AE9B-FA00B316ECA9}"
EndProject
Global
	GlobalSection(SolutionConfigurationPlatforms) = preSolution
		Debug|Any CPU = Debug|Any CPU
		Release|Any CPU = Release|Any CPU
	EndGlobalSection
	GlobalSection(ProjectConfigurationPlatforms) = postSolution
		{33E3A7D4-9CFD-4830-AE9B-FA00B316ECA9}.Debug|Any CPU.ActiveCfg = Debug|Any CPU
		{33E3A7D4-9CFD-4830-AE9B-FA00B316ECA9}.Debug|Any CPU.Build.0 = Debug|Any CPU
		{33E3A7D4-9CFD-4830-AE9B-FA00B316ECA9}.Release|Any CPU.ActiveCfg = Release|Any CPU
		{33E3A7D4-9CFD-4830-AE9B-FA00B316ECA9}.Release|Any CPU.Build.0 = Release|Any CPU
	EndGlobalSection
	GlobalSection(SolutionProperties) = preSolution
		HideSolutionNode = FALSE
	EndGlobalSection
	GlobalSection(ExtensibilityGlobals) = postSolution
		SolutionGuid = {F53A885B-95F8-432D-A5D0-09177DE7A28B}
	EndGlobalSection
EndGlobal
